
Microsoft Visual Studio Solution File, Format Version 12.00
# Visual Studio Version 16
VisualStudioVersion = 16.0.31729.503
MinimumVisualStudioVersion = 10.0.40219.1
Project("{888888A0-9F3D-457C-B088-3A5042F75D52}") = "CryptoProject", "Crypto\CryptoProject.pyproj", "{4EE2C732-6D99-4E52-AC56-0504A9D7C4A9}"
EndProject
Global
	GlobalSection(SolutionConfigurationPlatforms) = preSolution
		Debug|Any CPU = Debug|Any CPU
		Release|Any CPU = Release|Any CPU
	EndGlobalSection
	GlobalSection(ProjectConfigurationPlatforms) = postSolution
		{4EE2C732-6D99-4E52-AC56-0504A9D7C4A9}.Debug|Any CPU.ActiveCfg = Debug|Any CPU
		{4EE2C732-6D99-4E52-AC56-0504A9D7C4A9}.Release|Any CPU.ActiveCfg = Release|Any CPU
	EndGlobalSection
	GlobalSection(SolutionProperties) = preSolution
		HideSolutionNode = FALSE
	EndGlobalSection
	GlobalSection(ExtensibilityGlobals) = postSolution
		SolutionGuid = {DD096F95-ADE5-4126-B77B-19D52CE82E09}
	EndGlobalSection
EndGlobal
